<Solution>
  <Project Path="FieldDay.Core.csproj" />
  <Project Path="BeauData.csproj" />
  <Project Path="BeauPools.csproj" />
  <Project Path="Unity.Burst.csproj" />
  <Project Path="Assembly-CSharp.csproj" />
  <Project Path="Unity.2D.Aseprite.Editor.csproj" />
  <Project Path="BeauUtil.csproj" />
  <Project Path="FieldDay.Scripting.csproj" />
  <Project Path="BeauRoutine.csproj" />
  <Project Path="UnityEditor.UI.csproj" />
  <Project Path="Unity.TextMeshPro.csproj" />
  <Project Path="Unity.2D.Sprite.Editor.csproj" />
  <Project Path="Unity.Mathematics.csproj" />
  <Project Path="FieldDay.Layout.csproj" />
  <Project Path="Unity.2D.Common.Path.Editor.csproj" />
  <Project Path="FieldDay.Vox.csproj" />
  <Project Path="UnityEditor.TestRunner.csproj" />
  <Project Path="BeauRoutine-Extensions.csproj" />
  <Project Path="TinyIL.Mono.csproj" />
  <Project Path="BeauUtil.Parse.csproj" />
  <Project Path="UnityEngine.TestRunner.csproj" />
  <Project Path="Unity.TextMeshPro.Editor.csproj" />
  <Project Path="BeauRoutine-Spline.csproj" />
  <Project Path="UnityEngine.UI.csproj" />
  <Project Path="BeauUtil.Editor.csproj" />
  <Project Path="UWTStream.csproj" />
  <Project Path="FieldDay.Core.Editor.csproj" />
  <Project Path="Unity.VisualStudio.Editor.csproj" />
  <Project Path="Leaf.csproj" />
  <Project Path="NativeInput.csproj" />
  <Project Path="EasyBugReporter.csproj" />
  <Project Path="Unity.InternalAPIEditorBridge.001.csproj" />
  <Project Path="Unity.Burst.CodeGen.csproj" />
  <Project Path="NativePrefetch.csproj" />
  <Project Path="ScriptableBake.csproj" />
  <Project Path="Unity.Burst.Editor.csproj" />
  <Project Path="EasyAssetStreaming.csproj" />
  <Project Path="Leaf.Editor.csproj" />
  <Project Path="Unity.2D.Aseprite.Common.csproj" />
  <Project Path="Unity.2D.Common.Editor.csproj" />
  <Project Path="Unity.InternalAPIEngineBridge.001.csproj" />
  <Project Path="Unity.TextMeshPro.Editor.Tests.csproj" />
  <Project Path="Unity.2D.Common.Runtime.csproj" />
  <Project Path="OGD.Log.csproj" />
  <Project Path="EasyAssetStreaming.Editor.csproj" />
  <Project Path="OGD.Survey.csproj" />
  <Project Path="Unity.TextMeshPro.Tests.csproj" />
  <Project Path="Unity.TinyIL.CodeGen.csproj" />
  <Project Path="Unity.Mathematics.Editor.csproj" />
  <Project Path="FieldDay.Analytics.csproj" />
</Solution>
